// !$*UTF8*$!
{
	archiveVersion = 1;
	classes = {
	};
	objectVersion = 56;
	objects = {

/* Begin PBXBuildFile section */
		19D98542298A5B1B00BE8C7E /* apiTesteApp.swift in Sources */ = {isa = PBXBuildFile; fileRef = 19D98541298A5B1B00BE8C7E /* apiTesteApp.swift */; };
		19D98544298A5B1B00BE8C7E /* ContentView.swift in Sources */ = {isa = PBXBuildFile; fileRef = 19D98543298A5B1B00BE8C7E /* ContentView.swift */; };
		19D98546298A5B1C00BE8C7E /* Assets.xcassets in Resources */ = {isa = PBXBuildFile; fileRef = 19D98545298A5B1C00BE8C7E /* Assets.xcassets */; };
		19D98549298A5B1C00BE8C7E /* Preview Assets.xcassets in Resources */ = {isa = PBXBuildFile; fileRef = 19D98548298A5B1C00BE8C7E /* Preview Assets.xcassets */; };
		19D98553298A5B1C00BE8C7E /* apiTesteTests.swift in Sources */ = {isa = PBXBuildFile; fileRef = 19D98552298A5B1C00BE8C7E /* apiTesteTests.swift */; };
		19D9855D298A5B1C00BE8C7E /* apiTesteUITests.swift in Sources */ = {isa = PBXBuildFile; fileRef = 19D9855C298A5B1C00BE8C7E /* apiTesteUITests.swift */; };
		19D9855F298A5B1C00BE8C7E /* apiTesteUITestsLaunchTests.swift in Sources */ = {isa = PBXBuildFile; fileRef = 19D9855E298A5B1C00BE8C7E /* apiTesteUITestsLaunchTests.swift */; };
		19D9856C298A603D00BE8C7E /* Ceps.swift in Sources */ = {isa = PBXBuildFile; fileRef = 19D9856B298A603D00BE8C7E /* Ceps.swift */; };
/* End PBXBuildFile section */

/* Begin PBXContainerItemProxy section */
		19D9854F298A5B1C00BE8C7E /* PBXContainerItemProxy */ = {
			isa = PBXContainerItemProxy;
			containerPortal = 19D98536298A5B1B00BE8C7E /* Project object */;
			proxyType = 1;
			remoteGlobalIDString = 19D9853D298A5B1B00BE8C7E;
			remoteInfo = apiTeste;
		};
		19D98559298A5B1C00BE8C7E /* PBXContainerItemProxy */ = {
			isa = PBXContainerItemProxy;
			containerPortal = 19D98536298A5B1B00BE8C7E /* Project object */;
			proxyType = 1;
			remoteGlobalIDString = 19D9853D298A5B1B00BE8C7E;
			remoteInfo = apiTeste;
		};
/* End PBXContainerItemProxy section */

/* Begin PBXFileReference section */
		19D9853E298A5B1B00BE8C7E /* apiTeste.app */ = {isa = PBXFileReference; explicitFileType = wrapper.application; includeInIndex = 0; path = apiTeste.app; sourceTree = BUILT_PRODUCTS_DIR; };
		19D98541298A5B1B00BE8C7E /* apiTesteApp.swift */ = {isa = PBXFileReference; lastKnownFileType = sourcecode.swift; path = apiTesteApp.swift; sourceTree = "<group>"; };
		19D98543298A5B1B00BE8C7E /* ContentView.swift */ = {isa = PBXFileReference; lastKnownFileType = sourcecode.swift; path = ContentView.swift; sourceTree = "<group>"; };
		19D98545298A5B1C00BE8C7E /* Assets.xcassets */ = {isa = PBXFileReference; lastKnownFileType = folder.assetcatalog; path = Assets.xcassets; sourceTree = "<group>"; };
		19D98548298A5B1C00BE8C7E /* Preview Assets.xcassets */ = {isa = PBXFileReference; lastKnownFileType = folder.assetcatalog; path = "Preview Assets.xcassets"; sourceTree = "<group>"; };
		19D9854E298A5B1C00BE8C7E /* apiTesteTests.xctest */ = {isa = PBXFileReference; explicitFileType = wrapper.cfbundle; includeInIndex = 0; path = apiTesteTests.xctest; sourceTree = BUILT_PRODUCTS_DIR; };
		19D98552298A5B1C00BE8C7E /* apiTesteTests.swift */ = {isa = PBXFileReference; lastKnownFileType = sourcecode.swift; path = apiTesteTests.swift; sourceTree = "<group>"; };
		19D98558298A5B1C00BE8C7E /* apiTesteUITests.xctest */ = {isa = PBXFileReference; explicitFileType = wrapper.cfbundle; includeInIndex = 0; path = apiTesteUITests.xctest; sourceTree = BUILT_PRODUCTS_DIR; };
		19D9855C298A5B1C00BE8C7E /* apiTesteUITests.swift */ = {isa = PBXFileReference; lastKnownFileType = sourcecode.swift; path = apiTesteUITests.swift; sourceTree = "<group>"; };
		19D9855E298A5B1C00BE8C7E /* apiTesteUITestsLaunchTests.swift */ = {isa = PBXFileReference; lastKnownFileType = sourcecode.swift; path = apiTesteUITestsLaunchTests.swift; sourceTree = "<group>"; };
		19D9856B298A603D00BE8C7E /* Ceps.swift */ = {isa = PBXFileReference; lastKnownFileType = sourcecode.swift; path = Ceps.swift; sourceTree = "<group>"; };
/* End PBXFileReference section */

/* Begin PBXFrameworksBuildPhase section */
		19D9853B298A5B1B00BE8C7E /* Frameworks */ = {
			isa = PBXFrameworksBuildPhase;
			buildActionMask = 2147483647;
			files = (
			);
			runOnlyForDeploymentPostprocessing = 0;
		};
		19D9854B298A5B1C00BE8C7E /* Frameworks */ = {
			isa = PBXFrameworksBuildPhase;
			buildActionMask = 2147483647;
			files = (
			);
			runOnlyForDeploymentPostprocessing = 0;
		};
		19D98555298A5B1C00BE8C7E /* Frameworks */ = {
			isa = PBXFrameworksBuildPhase;
			buildActionMask = 2147483647;
			files = (
			);
			runOnlyForDeploymentPostprocessing = 0;
		};
/* End PBXFrameworksBuildPhase section */

/* Begin PBXGroup section */
		19D98535298A5B1B00BE8C7E = {
			isa = PBXGroup;
			children = (
				19D98540298A5B1B00BE8C7E /* apiTeste */,
				19D98551298A5B1C00BE8C7E /* apiTesteTests */,
				19D9855B298A5B1C00BE8C7E /* apiTesteUITests */,
				19D9853F298A5B1B00BE8C7E /* Products */,
			);
			sourceTree = "<group>";
		};
		19D9853F298A5B1B00BE8C7E /* Products */ = {
			isa = PBXGroup;
			children = (
				19D9853E298A5B1B00BE8C7E /* apiTeste.app */,
				19D9854E298A5B1C00BE8C7E /* apiTesteTests.xctest */,
				19D98558298A5B1C00BE8C7E /* apiTesteUITests.xctest */,
			);
			name = Products;
			sourceTree = "<group>";
		};
		19D98540298A5B1B00BE8C7E /* apiTeste */ = {
			isa = PBXGroup;
			children = (
				19D98541298A5B1B00BE8C7E /* apiTesteApp.swift */,
				19D98543298A5B1B00BE8C7E /* ContentView.swift */,
				19D9856B298A603D00BE8C7E /* Ceps.swift */,
				19D98545298A5B1C00BE8C7E /* Assets.xcassets */,
				19D98547298A5B1C00BE8C7E /* Preview Content */,
			);
			path = apiTeste;
			sourceTree = "<group>";
		};
		19D98547298A5B1C00BE8C7E /* Preview Content */ = {
			isa = PBXGroup;
			children = (
				19D98548298A5B1C00BE8C7E /* Preview Assets.xcassets */,
			);
			path = "Preview Content";
			sourceTree = "<group>";
		};
		19D98551298A5B1C00BE8C7E /* apiTesteTests */ = {
			isa = PBXGroup;
			children = (
				19D98552298A5B1C00BE8C7E /* apiTesteTests.swift */,
			);
			path = apiTesteTests;
			sourceTree = "<group>";
		};
		19D9855B298A5B1C00BE8C7E /* apiTesteUITests */ = {
			isa = PBXGroup;
			children = (
				19D9855C298A5B1C00BE8C7E /* apiTesteUITests.swift */,
				19D9855E298A5B1C00BE8C7E /* apiTesteUITestsLaunchTests.swift */,
			);
			path = apiTesteUITests;
			sourceTree = "<group>";
		};
/* End PBXGroup section */

/* Begin PBXNativeTarget section */
		19D9853D298A5B1B00BE8C7E /* apiTeste */ = {
			isa = PBXNativeTarget;
			buildConfigurationList = 19D98562298A5B1C00BE8C7E /* Build configuration list for PBXNativeTarget "apiTeste" */;
			buildPhases = (
				19D9853A298A5B1B00BE8C7E /* Sources */,
				19D9853B298A5B1B00BE8C7E /* Frameworks */,
				19D9853C298A5B1B00BE8C7E /* Resources */,
			);
			buildRules = (
			);
			dependencies = (
			);
			name = apiTeste;
			productName = apiTeste;
			productReference = 19D9853E298A5B1B00BE8C7E /* apiTeste.app */;
			productType = "com.apple.product-type.application";
		};
		19D9854D298A5B1C00BE8C7E /* apiTesteTests */ = {
			isa = PBXNativeTarget;
			buildConfigurationList = 19D98565298A5B1C00BE8C7E /* Build configuration list for PBXNativeTarget "apiTesteTests" */;
			buildPhases = (
				19D9854A298A5B1C00BE8C7E /* Sources */,
				19D9854B298A5B1C00BE8C7E /* Frameworks */,
				19D9854C298A5B1C00BE8C7E /* Resources */,
			);
			buildRules = (
			);
			dependencies = (
				19D98550298A5B1C00BE8C7E /* PBXTargetDependency */,
			);
			name = apiTesteTests;
			productName = apiTesteTests;
			productReference = 19D9854E298A5B1C00BE8C7E /* apiTesteTests.xctest */;
			productType = "com.apple.product-type.bundle.unit-test";
		};
		19D98557298A5B1C00BE8C7E /* apiTesteUITests */ = {
			isa = PBXNativeTarget;
			buildConfigurationList = 19D98568298A5B1C00BE8C7E /* Build configuration list for PBXNativeTarget "apiTesteUITests" */;
			buildPhases = (
				19D98554298A5B1C00BE8C7E /* Sources */,
				19D98555298A5B1C00BE8C7E /* Frameworks */,
				19D98556298A5B1C00BE8C7E /* Resources */,
			);
			buildRules = (
			);
			dependencies = (
				19D9855A298A5B1C00BE8C7E /* PBXTargetDependency */,
			);
			name = apiTesteUITests;
			productName = apiTesteUITests;
			productReference = 19D98558298A5B1C00BE8C7E /* apiTesteUITests.xctest */;
			productType = "com.apple.product-type.bundle.ui-testing";
		};
/* End PBXNativeTarget section */

/* Begin PBXProject section */
		19D98536298A5B1B00BE8C7E /* Project object */ = {
			isa = PBXProject;
			attributes = {
				BuildIndependentTargetsInParallel = 1;
				LastSwiftUpdateCheck = 1420;
				LastUpgradeCheck = 1420;
				TargetAttributes = {
					19D9853D298A5B1B00BE8C7E = {
						CreatedOnToolsVersion = 14.2;
					};
					19D9854D298A5B1C00BE8C7E = {
						CreatedOnToolsVersion = 14.2;
						TestTargetID = 19D9853D298A5B1B00BE8C7E;
					};
					19D98557298A5B1C00BE8C7E = {
						CreatedOnToolsVersion = 14.2;
						TestTargetID = 19D9853D298A5B1B00BE8C7E;
					};
				};
			};
			buildConfigurationList = 19D98539298A5B1B00BE8C7E /* Build configuration list for PBXProject "apiTeste" */;
			compatibilityVersion = "Xcode 14.0";
			developmentRegion = en;
			hasScannedForEncodings = 0;
			knownRegions = (
				en,
				Base,
			);
			mainGroup = 19D98535298A5B1B00BE8C7E;
			productRefGroup = 19D9853F298A5B1B00BE8C7E /* Products */;
			projectDirPath = "";
			projectRoot = "";
			targets = (
				19D9853D298A5B1B00BE8C7E /* apiTeste */,
				19D9854D298A5B1C00BE8C7E /* apiTesteTests */,
				19D98557298A5B1C00BE8C7E /* apiTesteUITests */,
			);
		};
/* End PBXProject section */

/* Begin PBXResourcesBuildPhase section */
		19D9853C298A5B1B00BE8C7E /* Resources */ = {
			isa = PBXResourcesBuildPhase;
			buildActionMask = 2147483647;
			files = (
				19D98549298A5B1C00BE8C7E /* Preview Assets.xcassets in Resources */,
				19D98546298A5B1C00BE8C7E /* Assets.xcassets in Resources */,
			);
			runOnlyForDeploymentPostprocessing = 0;
		};
		19D9854C298A5B1C00BE8C7E /* Resources */ = {
			isa = PBXResourcesBuildPhase;
			buildActionMask = 2147483647;
			files = (
			);
			runOnlyForDeploymentPostprocessing = 0;
		};
		19D98556298A5B1C00BE8C7E /* Resources */ = {
			isa = PBXResourcesBuildPhase;
			buildActionMask = 2147483647;
			files = (
			);
			runOnlyForDeploymentPostprocessing = 0;
		};
/* End PBXResourcesBuildPhase section */

/* Begin PBXSourcesBuildPhase section */
		19D9853A298A5B1B00BE8C7E /* Sources */ = {
			isa = PBXSourcesBuildPhase;
			buildActionMask = 2147483647;
			files = (
				19D98544298A5B1B00BE8C7E /* ContentView.swift in Sources */,
				19D9856C298A603D00BE8C7E /* Ceps.swift in Sources */,
				19D98542298A5B1B00BE8C7E /* apiTesteApp.swift in Sources */,
			);
			runOnlyForDeploymentPostprocessing = 0;
		};
		19D9854A298A5B1C00BE8C7E /* Sources */ = {
			isa = PBXSourcesBuildPhase;
			buildActionMask = 2147483647;
			files = (
				19D98553298A5B1C00BE8C7E /* apiTesteTests.swift in Sources */,
			);
			runOnlyForDeploymentPostprocessing = 0;
		};
		19D98554298A5B1C00BE8C7E /* Sources */ = {
			isa = PBXSourcesBuildPhase;
			buildActionMask = 2147483647;
			files = (
				19D9855F298A5B1C00BE8C7E /* apiTesteUITestsLaunchTests.swift in Sources */,
				19D9855D298A5B1C00BE8C7E /* apiTesteUITests.swift in Sources */,
			);
			runOnlyForDeploymentPostprocessing = 0;
		};
/* End PBXSourcesBuildPhase section */

/* Begin PBXTargetDependency section */
		19D98550298A5B1C00BE8C7E /* PBXTargetDependency */ = {
			isa = PBXTargetDependency;
			target = 19D9853D298A5B1B00BE8C7E /* apiTeste */;
			targetProxy = 19D9854F298A5B1C00BE8C7E /* PBXContainerItemProxy */;
		};
		19D9855A298A5B1C00BE8C7E /* PBXTargetDependency */ = {
			isa = PBXTargetDependency;
			target = 19D9853D298A5B1B00BE8C7E /* apiTeste */;
			targetProxy = 19D98559298A5B1C00BE8C7E /* PBXContainerItemProxy */;
		};
/* End PBXTargetDependency section */

/* Begin XCBuildConfiguration section */
		19D98560298A5B1C00BE8C7E /* Debug */ = {
			isa = XCBuildConfiguration;
			buildSettings = {
				ALWAYS_SEARCH_USER_PATHS = NO;
				CLANG_ANALYZER_NONNULL = YES;
				CLANG_ANALYZER_NUMBER_OBJECT_CONVERSION = YES_AGGRESSIVE;
				CLANG_CXX_LANGUAGE_STANDARD = "gnu++20";
				CLANG_ENABLE_MODULES = YES;
				CLANG_ENABLE_OBJC_ARC = YES;
				CLANG_ENABLE_OBJC_WEAK = YES;
				CLANG_WARN_BLOCK_CAPTURE_AUTORELEASING = YES;
				CLANG_WARN_BOOL_CONVERSION = YES;
				CLANG_WARN_COMMA = YES;
				CLANG_WARN_CONSTANT_CONVERSION = YES;
				CLANG_WARN_DEPRECATED_OBJC_IMPLEMENTATIONS = YES;
				CLANG_WARN_DIRECT_OBJC_ISA_USAGE = YES_ERROR;
				CLANG_WARN_DOCUMENTATION_COMMENTS = YES;
				CLANG_WARN_EMPTY_BODY = YES;
				CLANG_WARN_ENUM_CONVERSION = YES;
				CLANG_WARN_INFINITE_RECURSION = YES;
				CLANG_WARN_INT_CONVERSION = YES;
				CLANG_WARN_NON_LITERAL_NULL_CONVERSION = YES;
				CLANG_WARN_OBJC_IMPLICIT_RETAIN_SELF = YES;
				CLANG_WARN_OBJC_LITERAL_CONVERSION = YES;
				CLANG_WARN_OBJC_ROOT_CLASS = YES_ERROR;
				CLANG_WARN_QUOTED_INCLUDE_IN_FRAMEWORK_HEADER = YES;
				CLANG_WARN_RANGE_LOOP_ANALYSIS = YES;
				CLANG_WARN_STRICT_PROTOTYPES = YES;
				CLANG_WARN_SUSPICIOUS_MOVE = YES;
				CLANG_WARN_UNGUARDED_AVAILABILITY = YES_AGGRESSIVE;
				CLANG_WARN_UNREACHABLE_CODE = YES;
				CLANG_WARN__DUPLICATE_METHOD_MATCH = YES;
				COPY_PHASE_STRIP = NO;
				DEBUG_INFORMATION_FORMAT = dwarf;
				ENABLE_STRICT_OBJC_MSGSEND = YES;
				ENABLE_TESTABILITY = YES;
				GCC_C_LANGUAGE_STANDARD = gnu11;
				GCC_DYNAMIC_NO_PIC = NO;
				GCC_NO_COMMON_BLOCKS = YES;
				GCC_OPTIMIZATION_LEVEL = 0;
				GCC_PREPROCESSOR_DEFINITIONS = (
					"DEBUG=1",
					"$(inherited)",
				);
				GCC_WARN_64_TO_32_BIT_CONVERSION = YES;
				GCC_WARN_ABOUT_RETURN_TYPE = YES_ERROR;
				GCC_WARN_UNDECLARED_SELECTOR = YES;
				GCC_WARN_UNINITIALIZED_AUTOS = YES_AGGRESSIVE;
				GCC_WARN_UNUSED_FUNCTION = YES;
				GCC_WARN_UNUSED_VARIABLE = YES;
				IPHONEOS_DEPLOYMENT_TARGET = 16.2;
				MTL_ENABLE_DEBUG_INFO = INCLUDE_SOURCE;
				MTL_FAST_MATH = YES;
				ONLY_ACTIVE_ARCH = YES;
				SDKROOT = iphoneos;
				SWIFT_ACTIVE_COMPILATION_CONDITIONS = DEBUG;
				SWIFT_OPTIMIZATION_LEVEL = "-Onone";
			};
			name = Debug;
		};
		19D98561298A5B1C00BE8C7E /* Release */ = {
			isa = XCBuildConfiguration;
			buildSettings = {
				ALWAYS_SEARCH_USER_PATHS = NO;
				CLANG_ANALYZER_NONNULL = YES;
				CLANG_ANALYZER_NUMBER_OBJECT_CONVERSION = YES_AGGRESSIVE;
				CLANG_CXX_LANGUAGE_STANDARD = "gnu++20";
				CLANG_ENABLE_MODULES = YES;
				CLANG_ENABLE_OBJC_ARC = YES;
				CLANG_ENABLE_OBJC_WEAK = YES;
				CLANG_WARN_BLOCK_CAPTURE_AUTORELEASING = YES;
				CLANG_WARN_BOOL_CONVERSION = YES;
				CLANG_WARN_COMMA = YES;
				CLANG_WARN_CONSTANT_CONVERSION = YES;
				CLANG_WARN_DEPRECATED_OBJC_IMPLEMENTATIONS = YES;
				CLANG_WARN_DIRECT_OBJC_ISA_USAGE = YES_ERROR;
				CLANG_WARN_DOCUMENTATION_COMMENTS = YES;
				CLANG_WARN_EMPTY_BODY = YES;
				CLANG_WARN_ENUM_CONVERSION = YES;
				CLANG_WARN_INFINITE_RECURSION = YES;
				CLANG_WARN_INT_CONVERSION = YES;
				CLANG_WARN_NON_LITERAL_NULL_CONVERSION = YES;
				CLANG_WARN_OBJC_IMPLICIT_RETAIN_SELF = YES;
				CLANG_WARN_OBJC_LITERAL_CONVERSION = YES;
				CLANG_WARN_OBJC_ROOT_CLASS = YES_ERROR;
				CLANG_WARN_QUOTED_INCLUDE_IN_FRAMEWORK_HEADER = YES;
				CLANG_WARN_RANGE_LOOP_ANALYSIS = YES;
				CLANG_WARN_STRICT_PROTOTYPES = YES;
				CLANG_WARN_SUSPICIOUS_MOVE = YES;
				CLANG_WARN_UNGUARDED_AVAILABILITY = YES_AGGRESSIVE;
				CLANG_WARN_UNREACHABLE_CODE = YES;
				CLANG_WARN__DUPLICATE_METHOD_MATCH = YES;
				COPY_PHASE_STRIP = NO;
				DEBUG_INFORMATION_FORMAT = "dwarf-with-dsym";
				ENABLE_NS_ASSERTIONS = NO;
				ENABLE_STRICT_OBJC_MSGSEND = YES;
				GCC_C_LANGUAGE_STANDARD = gnu11;
				GCC_NO_COMMON_BLOCKS = YES;
				GCC_WARN_64_TO_32_BIT_CONVERSION = YES;
				GCC_WARN_ABOUT_RETURN_TYPE = YES_ERROR;
				GCC_WARN_UNDECLARED_SELECTOR = YES;
				GCC_WARN_UNINITIALIZED_AUTOS = YES_AGGRESSIVE;
				GCC_WARN_UNUSED_FUNCTION = YES;
				GCC_WARN_UNUSED_VARIABLE = YES;
				IPHONEOS_DEPLOYMENT_TARGET = 16.2;
				MTL_ENABLE_DEBUG_INFO = NO;
				MTL_FAST_MATH = YES;
				SDKROOT = iphoneos;
				SWIFT_COMPILATION_MODE = wholemodule;
				SWIFT_OPTIMIZATION_LEVEL = "-O";
				VALIDATE_PRODUCT = YES;
			};
			name = Release;
		};
		19D98563298A5B1C00BE8C7E /* Debug */ = {
			isa = XCBuildConfiguration;
			buildSettings = {
				ASSETCATALOG_COMPILER_APPICON_NAME = AppIcon;
				ASSETCATALOG_COMPILER_GLOBAL_ACCENT_COLOR_NAME = AccentColor;
				CODE_SIGN_STYLE = Automatic;
				CURRENT_PROJECT_VERSION = 1;
				DEVELOPMENT_ASSET_PATHS = "\"apiTeste/Preview Content\"";
				DEVELOPMENT_TEAM = 5786D2SAT2;
				ENABLE_PREVIEWS = YES;
				GENERATE_INFOPLIST_FILE = YES;
				INFOPLIST_KEY_UIApplicationSceneManifest_Generation = YES;
				INFOPLIST_KEY_UIApplicationSupportsIndirectInputEvents = YES;
				INFOPLIST_KEY_UILaunchScreen_Generation = YES;
				INFOPLIST_KEY_UISupportedInterfaceOrientations_iPad = "UIInterfaceOrientationPortrait UIInterfaceOrientationPortraitUpsideDown UIInterfaceOrientationLandscapeLeft UIInterfaceOrientationLandscapeRight";
				INFOPLIST_KEY_UISupportedInterfaceOrientations_iPhone = "UIInterfaceOrientationPortrait UIInterfaceOrientationLandscapeLeft UIInterfaceOrientationLandscapeRight";
				LD_RUNPATH_SEARCH_PATHS = (
					"$(inherited)",
					"@executable_path/Frameworks",
				);
				MARKETING_VERSION = 1.0;
				PRODUCT_BUNDLE_IDENTIFIER = jyuurin.apiTeste;
				PRODUCT_NAME = "$(TARGET_NAME)";
				SWIFT_EMIT_LOC_STRINGS = YES;
				SWIFT_VERSION = 5.0;
				TARGETED_DEVICE_FAMILY = "1,2";
			};
			name = Debug;
		};
		19D98564298A5B1C00BE8C7E /* Release */ = {
			isa = XCBuildConfiguration;
			buildSettings = {
				ASSETCATALOG_COMPILER_APPICON_NAME = AppIcon;
				ASSETCATALOG_COMPILER_GLOBAL_ACCENT_COLOR_NAME = AccentColor;
				CODE_SIGN_STYLE = Automatic;
				CURRENT_PROJECT_VERSION = 1;
				DEVELOPMENT_ASSET_PATHS = "\"apiTeste/Preview Content\"";
				DEVELOPMENT_TEAM = 5786D2SAT2;
				ENABLE_PREVIEWS = YES;
				GENERATE_INFOPLIST_FILE = YES;
				INFOPLIST_KEY_UIApplicationSceneManifest_Generation = YES;
				INFOPLIST_KEY_UIApplicationSupportsIndirectInputEvents = YES;
				INFOPLIST_KEY_UILaunchScreen_Generation = YES;
				INFOPLIST_KEY_UISupportedInterfaceOrientations_iPad = "UIInterfaceOrientationPortrait UIInterfaceOrientationPortraitUpsideDown UIInterfaceOrientationLandscapeLeft UIInterfaceOrientationLandscapeRight";
				INFOPLIST_KEY_UISupportedInterfaceOrientations_iPhone = "UIInterfaceOrientationPortrait UIInterfaceOrientationLandscapeLeft UIInterfaceOrientationLandscapeRight";
				LD_RUNPATH_SEARCH_PATHS = (
					"$(inherited)",
					"@executable_path/Frameworks",
				);
				MARKETING_VERSION = 1.0;
				PRODUCT_BUNDLE_IDENTIFIER = jyuurin.apiTeste;
				PRODUCT_NAME = "$(TARGET_NAME)";
				SWIFT_EMIT_LOC_STRINGS = YES;
				SWIFT_VERSION = 5.0;
				TARGETED_DEVICE_FAMILY = "1,2";
			};
			name = Release;
		};
		19D98566298A5B1C00BE8C7E /* Debug */ = {
			isa = XCBuildConfiguration;
			buildSettings = {
				ALWAYS_EMBED_SWIFT_STANDARD_LIBRARIES = YES;
				BUNDLE_LOADER = "$(TEST_HOST)";
				CODE_SIGN_STYLE = Automatic;
				CURRENT_PROJECT_VERSION = 1;
				DEVELOPMENT_TEAM = 5786D2SAT2;
				GENERATE_INFOPLIST_FILE = YES;
				IPHONEOS_DEPLOYMENT_TARGET = 16.2;
				MARKETING_VERSION = 1.0;
				PRODUCT_BUNDLE_IDENTIFIER = jyuurin.apiTesteTests;
				PRODUCT_NAME = "$(TARGET_NAME)";
				SWIFT_EMIT_LOC_STRINGS = NO;
				SWIFT_VERSION = 5.0;
				TARGETED_DEVICE_FAMILY = "1,2";
				TEST_HOST = "$(BUILT_PRODUCTS_DIR)/apiTeste.app/$(BUNDLE_EXECUTABLE_FOLDER_PATH)/apiTeste";
			};
			name = Debug;
		};
		19D98567298A5B1C00BE8C7E /* Release */ = {
			isa = XCBuildConfiguration;
			buildSettings = {
				ALWAYS_EMBED_SWIFT_STANDARD_LIBRARIES = YES;
				BUNDLE_LOADER = "$(TEST_HOST)";
				CODE_SIGN_STYLE = Automatic;
				CURRENT_PROJECT_VERSION = 1;
				DEVELOPMENT_TEAM = 5786D2SAT2;
				GENERATE_INFOPLIST_FILE = YES;
				IPHONEOS_DEPLOYMENT_TARGET = 16.2;
				MARKETING_VERSION = 1.0;
				PRODUCT_BUNDLE_IDENTIFIER = jyuurin.apiTesteTests;
				PRODUCT_NAME = "$(TARGET_NAME)";
				SWIFT_EMIT_LOC_STRINGS = NO;
				SWIFT_VERSION = 5.0;
				TARGETED_DEVICE_FAMILY = "1,2";
				TEST_HOST = "$(BUILT_PRODUCTS_DIR)/apiTeste.app/$(BUNDLE_EXECUTABLE_FOLDER_PATH)/apiTeste";
			};
			name = Release;
		};
		19D98569298A5B1C00BE8C7E /* Debug */ = {
			isa = XCBuildConfiguration;
			buildSettings = {
				ALWAYS_EMBED_SWIFT_STANDARD_LIBRARIES = YES;
				CODE_SIGN_STYLE = Automatic;
				CURRENT_PROJECT_VERSION = 1;
				DEVELOPMENT_TEAM = 5786D2SAT2;
				GENERATE_INFOPLIST_FILE = YES;
				MARKETING_VERSION = 1.0;
				PRODUCT_BUNDLE_IDENTIFIER = jyuurin.apiTesteUITests;
				PRODUCT_NAME = "$(TARGET_NAME)";
				SWIFT_EMIT_LOC_STRINGS = NO;
				SWIFT_VERSION = 5.0;
				TARGETED_DEVICE_FAMILY = "1,2";
				TEST_TARGET_NAME = apiTeste;
			};
			name = Debug;
		};
		19D9856A298A5B1C00BE8C7E /* Release */ = {
			isa = XCBuildConfiguration;
			buildSettings = {
				ALWAYS_EMBED_SWIFT_STANDARD_LIBRARIES = YES;
				CODE_SIGN_STYLE = Automatic;
				CURRENT_PROJECT_VERSION = 1;
				DEVELOPMENT_TEAM = 5786D2SAT2;
				GENERATE_INFOPLIST_FILE = YES;
				MARKETING_VERSION = 1.0;
				PRODUCT_BUNDLE_IDENTIFIER = jyuurin.apiTesteUITests;
				PRODUCT_NAME = "$(TARGET_NAME)";
				SWIFT_EMIT_LOC_STRINGS = NO;
				SWIFT_VERSION = 5.0;
				TARGETED_DEVICE_FAMILY = "1,2";
				TEST_TARGET_NAME = apiTeste;
			};
			name = Release;
		};
/* End XCBuildConfiguration section */

/* Begin XCConfigurationList section */
		19D98539298A5B1B00BE8C7E /* Build configuration list for PBXProject "apiTeste" */ = {
			isa = XCConfigurationList;
			buildConfigurations = (
				19D98560298A5B1C00BE8C7E /* Debug */,
				19D98561298A5B1C00BE8C7E /* Release */,
			);
			defaultConfigurationIsVisible = 0;
			defaultConfigurationName = Release;
		};
		19D98562298A5B1C00BE8C7E /* Build configuration list for PBXNativeTarget "apiTeste" */ = {
			isa = XCConfigurationList;
			buildConfigurations = (
				19D98563298A5B1C00BE8C7E /* Debug */,
				19D98564298A5B1C00BE8C7E /* Release */,
			);
			defaultConfigurationIsVisible = 0;
			defaultConfigurationName = Release;
		};
		19D98565298A5B1C00BE8C7E /* Build configuration list for PBXNativeTarget "apiTesteTests" */ = {
			isa = XCConfigurationList;
			buildConfigurations = (
				19D98566298A5B1C00BE8C7E /* Debug */,
				19D98567298A5B1C00BE8C7E /* Release */,
			);
			defaultConfigurationIsVisible = 0;
			defaultConfigurationName = Release;
		};
		19D98568298A5B1C00BE8C7E /* Build configuration list for PBXNativeTarget "apiTesteUITests" */ = {
			isa = XCConfigurationList;
			buildConfigurations = (
				19D98569298A5B1C00BE8C7E /* Debug */,
				19D9856A298A5B1C00BE8C7E /* Release */,
			);
			defaultConfigurationIsVisible = 0;
			defaultConfigurationName = Release;
		};
/* End XCConfigurationList section */
	};
	rootObject = 19D98536298A5B1B00BE8C7E /* Project object */;
}
